
Microsoft Visual Studio Solution File, Format Version 12.00
# Visual Studio 15
Project("{FAE04EC0-301F-11D3-BF4B-00C04F79EFBC}") = "Assembly-CSharp-firstpass", "Assembly-CSharp-firstpass.csproj", "{CEA85163-D176-2D77-8797-1D4F961CBF86}"
EndProject
Project("{FAE04EC0-301F-11D3-BF4B-00C04F79EFBC}") = "Assembly-CSharp", "Assembly-CSharp.csproj", "{1C2754B6-3899-0D8B-2069-CF8E38681981}"
EndProject
Project("{FAE04EC0-301F-11D3-BF4B-00C04F79EFBC}") = "Assembly-CSharp-Editor-firstpass", "Assembly-CSharp-Editor-firstpass.csproj", "{8F51CF75-AEEE-904B-6889-F48D4BB56FCB}"
EndProject
Global
	GlobalSection(SolutionConfigurationPlatforms) = preSolution
		Debug|Any CPU = Debug|Any CPU
		Release|Any CPU = Release|Any CPU
	EndGlobalSection
	GlobalSection(ProjectConfigurationPlatforms) = postSolution
		{CEA85163-D176-2D77-8797-1D4F961CBF86}.Debug|Any CPU.ActiveCfg = Debug|Any CPU
		{CEA85163-D176-2D77-8797-1D4F961CBF86}.Debug|Any CPU.Build.0 = Debug|Any CPU
		{CEA85163-D176-2D77-8797-1D4F961CBF86}.Release|Any CPU.ActiveCfg = Release|Any CPU
		{CEA85163-D176-2D77-8797-1D4F961CBF86}.Release|Any CPU.Build.0 = Release|Any CPU
		{1C2754B6-3899-0D8B-2069-CF8E38681981}.Debug|Any CPU.ActiveCfg = Debug|Any CPU
		{1C2754B6-3899-0D8B-2069-CF8E38681981}.Debug|Any CPU.Build.0 = Debug|Any CPU
		{1C2754B6-3899-0D8B-2069-CF8E38681981}.Release|Any CPU.ActiveCfg = Release|Any CPU
		{1C2754B6-3899-0D8B-2069-CF8E38681981}.Release|Any CPU.Build.0 = Release|Any CPU
		{8F51CF75-AEEE-904B-6889-F48D4BB56FCB}.Debug|Any CPU.ActiveCfg = Debug|Any CPU
		{8F51CF75-AEEE-904B-6889-F48D4BB56FCB}.Debug|Any CPU.Build.0 = Debug|Any CPU
		{8F51CF75-AEEE-904B-6889-F48D4BB56FCB}.Release|Any CPU.ActiveCfg = Release|Any CPU
		{8F51CF75-AEEE-904B-6889-F48D4BB56FCB}.Release|Any CPU.Build.0 = Release|Any CPU
	EndGlobalSection
	GlobalSection(SolutionProperties) = preSolution
		HideSolutionNode = FALSE
	EndGlobalSection
EndGlobal
